
Microsoft Visual Studio Solution File, Format Version 12.00
# Visual Studio Version 17
VisualStudioVersion = 17.0.31903.59
MinimumVisualStudioVersion = 10.0.40219.1
Project("{FAE04EC0-301F-11D3-BF4B-00C04F79EFBC}") = "TaxCalculator.Domain", "TaxCalculator.Domain\TaxCalculator.Domain.csproj", "{FC179EC1-B731-42E5-B4E1-22177E22A105}"
EndProject
Project("{FAE04EC0-301F-11D3-BF4B-00C04F79EFBC}") = "TaxCalculator.Application", "TaxCalculator.Application\TaxCalculator.Application.csproj", "{DC12F0F4-1FD3-46B2-BD46-2C05C2159F52}"
EndProject
Project("{FAE04EC0-301F-11D3-BF4B-00C04F79EFBC}") = "TaxCalculator.Tests", "TaxCalculator.Tests\TaxCalculator.Tests.csproj", "{F4FDAA7B-2E12-4A16-B358-9539FBD7DF15}"
EndProject
Project("{FAE04EC0-301F-11D3-BF4B-00C04F79EFBC}") = "TaxCalculator.Infrastructure", "TaxCalculator.Infrastructure\TaxCalculator.Infrastructure.csproj", "{598BD98A-B12E-45CE-89D5-C41EFA6D33E0}"
EndProject
Global
	GlobalSection(SolutionConfigurationPlatforms) = preSolution
		Debug|Any CPU = Debug|Any CPU
		Release|Any CPU = Release|Any CPU
	EndGlobalSection
	GlobalSection(SolutionProperties) = preSolution
		HideSolutionNode = FALSE
	EndGlobalSection
	GlobalSection(ProjectConfigurationPlatforms) = postSolution
		{FC179EC1-B731-42E5-B4E1-22177E22A105}.Debug|Any CPU.ActiveCfg = Debug|Any CPU
		{FC179EC1-B731-42E5-B4E1-22177E22A105}.Debug|Any CPU.Build.0 = Debug|Any CPU
		{FC179EC1-B731-42E5-B4E1-22177E22A105}.Release|Any CPU.ActiveCfg = Release|Any CPU
		{FC179EC1-B731-42E5-B4E1-22177E22A105}.Release|Any CPU.Build.0 = Release|Any CPU
		{DC12F0F4-1FD3-46B2-BD46-2C05C2159F52}.Debug|Any CPU.ActiveCfg = Debug|Any CPU
		{DC12F0F4-1FD3-46B2-BD46-2C05C2159F52}.Debug|Any CPU.Build.0 = Debug|Any CPU
		{DC12F0F4-1FD3-46B2-BD46-2C05C2159F52}.Release|Any CPU.ActiveCfg = Release|Any CPU
		{DC12F0F4-1FD3-46B2-BD46-2C05C2159F52}.Release|Any CPU.Build.0 = Release|Any CPU
		{F4FDAA7B-2E12-4A16-B358-9539FBD7DF15}.Debug|Any CPU.ActiveCfg = Debug|Any CPU
		{F4FDAA7B-2E12-4A16-B358-9539FBD7DF15}.Debug|Any CPU.Build.0 = Debug|Any CPU
		{F4FDAA7B-2E12-4A16-B358-9539FBD7DF15}.Release|Any CPU.ActiveCfg = Release|Any CPU
		{F4FDAA7B-2E12-4A16-B358-9539FBD7DF15}.Release|Any CPU.Build.0 = Release|Any CPU
		{598BD98A-B12E-45CE-89D5-C41EFA6D33E0}.Debug|Any CPU.ActiveCfg = Debug|Any CPU
		{598BD98A-B12E-45CE-89D5-C41EFA6D33E0}.Debug|Any CPU.Build.0 = Debug|Any CPU
		{598BD98A-B12E-45CE-89D5-C41EFA6D33E0}.Release|Any CPU.ActiveCfg = Release|Any CPU
		{598BD98A-B12E-45CE-89D5-C41EFA6D33E0}.Release|Any CPU.Build.0 = Release|Any CPU
	EndGlobalSection
EndGlobal
